// !$*UTF8*$!
{
	archiveVersion = 1;
	classes = {
	};
	objectVersion = 48;
	objects = {

/* Begin PBXBuildFile section */
		0830CA2B2B8111959AE6216F /* Pods_Uber.framework in Frameworks */ = {isa = PBXBuildFile; fileRef = 4024F8F912F8C05049EB3369 /* Pods_Uber.framework */; };
		623B9C281FDE9DFC00450C9B /* GoogleService-Info.plist in Resources */ = {isa = PBXBuildFile; fileRef = 623B9C271FDE9DFC00450C9B /* GoogleService-Info.plist */; };
		624FB3FA1FE145B300DA1CE1 /* EntrarViewController.swift in Sources */ = {isa = PBXBuildFile; fileRef = 624FB3F91FE145B300DA1CE1 /* EntrarViewController.swift */; };
		624FB3FC1FE145C600DA1CE1 /* CadastroViewController.swift in Sources */ = {isa = PBXBuildFile; fileRef = 624FB3FB1FE145C600DA1CE1 /* CadastroViewController.swift */; };
		62BA19041FDAB81A00A2FFF0 /* AppDelegate.swift in Sources */ = {isa = PBXBuildFile; fileRef = 62BA19031FDAB81A00A2FFF0 /* AppDelegate.swift */; };
		62BA19061FDAB81A00A2FFF0 /* ViewController.swift in Sources */ = {isa = PBXBuildFile; fileRef = 62BA19051FDAB81A00A2FFF0 /* ViewController.swift */; };
		62BA19091FDAB81A00A2FFF0 /* Main.storyboard in Resources */ = {isa = PBXBuildFile; fileRef = 62BA19071FDAB81A00A2FFF0 /* Main.storyboard */; };
		62BA190B1FDAB81A00A2FFF0 /* Assets.xcassets in Resources */ = {isa = PBXBuildFile; fileRef = 62BA190A1FDAB81A00A2FFF0 /* Assets.xcassets */; };
		62BA190E1FDAB81A00A2FFF0 /* LaunchScreen.storyboard in Resources */ = {isa = PBXBuildFile; fileRef = 62BA190C1FDAB81A00A2FFF0 /* LaunchScreen.storyboard */; };
/* End PBXBuildFile section */

/* Begin PBXFileReference section */
		14148FE2ABC32240094E0BF1 /* Pods-Uber.debug.xcconfig */ = {isa = PBXFileReference; includeInIndex = 1; lastKnownFileType = text.xcconfig; name = "Pods-Uber.debug.xcconfig"; path = "Pods/Target Support Files/Pods-Uber/Pods-Uber.debug.xcconfig"; sourceTree = "<group>"; };
		1CDD0784A0D8D95B5D0D4340 /* Pods-Uber.release.xcconfig */ = {isa = PBXFileReference; includeInIndex = 1; lastKnownFileType = text.xcconfig; name = "Pods-Uber.release.xcconfig"; path = "Pods/Target Support Files/Pods-Uber/Pods-Uber.release.xcconfig"; sourceTree = "<group>"; };
		4024F8F912F8C05049EB3369 /* Pods_Uber.framework */ = {isa = PBXFileReference; explicitFileType = wrapper.framework; includeInIndex = 0; path = Pods_Uber.framework; sourceTree = BUILT_PRODUCTS_DIR; };
		623B9C271FDE9DFC00450C9B /* GoogleService-Info.plist */ = {isa = PBXFileReference; fileEncoding = 4; lastKnownFileType = text.plist.xml; path = "GoogleService-Info.plist"; sourceTree = "<group>"; };
		624FB3F91FE145B300DA1CE1 /* EntrarViewController.swift */ = {isa = PBXFileReference; lastKnownFileType = sourcecode.swift; path = EntrarViewController.swift; sourceTree = "<group>"; };
		624FB3FB1FE145C600DA1CE1 /* CadastroViewController.swift */ = {isa = PBXFileReference; lastKnownFileType = sourcecode.swift; path = CadastroViewController.swift; sourceTree = "<group>"; };
		62BA19001FDAB81A00A2FFF0 /* Uber.app */ = {isa = PBXFileReference; explicitFileType = wrapper.application; includeInIndex = 0; path = Uber.app; sourceTree = BUILT_PRODUCTS_DIR; };
		62BA19031FDAB81A00A2FFF0 /* AppDelegate.swift */ = {isa = PBXFileReference; lastKnownFileType = sourcecode.swift; path = AppDelegate.swift; sourceTree = "<group>"; };
		62BA19051FDAB81A00A2FFF0 /* ViewController.swift */ = {isa = PBXFileReference; lastKnownFileType = sourcecode.swift; path = ViewController.swift; sourceTree = "<group>"; };
		62BA19081FDAB81A00A2FFF0 /* Base */ = {isa = PBXFileReference; lastKnownFileType = file.storyboard; name = Base; path = Base.lproj/Main.storyboard; sourceTree = "<group>"; };
		62BA190A1FDAB81A00A2FFF0 /* Assets.xcassets */ = {isa = PBXFileReference; lastKnownFileType = folder.assetcatalog; path = Assets.xcassets; sourceTree = "<group>"; };
		62BA190D1FDAB81A00A2FFF0 /* Base */ = {isa = PBXFileReference; lastKnownFileType = file.storyboard; name = Base; path = Base.lproj/LaunchScreen.storyboard; sourceTree = "<group>"; };
		62BA190F1FDAB81A00A2FFF0 /* Info.plist */ = {isa = PBXFileReference; lastKnownFileType = text.plist.xml; path = Info.plist; sourceTree = "<group>"; };
/* End PBXFileReference section */

/* Begin PBXFrameworksBuildPhase section */
		62BA18FD1FDAB81A00A2FFF0 /* Frameworks */ = {
			isa = PBXFrameworksBuildPhase;
			buildActionMask = 2147483647;
			files = (
				0830CA2B2B8111959AE6216F /* Pods_Uber.framework in Frameworks */,
			);
			runOnlyForDeploymentPostprocessing = 0;
		};
/* End PBXFrameworksBuildPhase section */

/* Begin PBXGroup section */
		3F0F70A3AEC9ECEC5AC70FE0 /* Frameworks */ = {
			isa = PBXGroup;
			children = (
				4024F8F912F8C05049EB3369 /* Pods_Uber.framework */,
			);
			name = Frameworks;
			sourceTree = "<group>";
		};
		624FB3F71FE1450A00DA1CE1 /* ViewController */ = {
			isa = PBXGroup;
			children = (
				62BA19051FDAB81A00A2FFF0 /* ViewController.swift */,
				624FB3F91FE145B300DA1CE1 /* EntrarViewController.swift */,
				624FB3FB1FE145C600DA1CE1 /* CadastroViewController.swift */,
			);
			path = ViewController;
			sourceTree = "<group>";
		};
		624FB3F81FE1451C00DA1CE1 /* Model */ = {
			isa = PBXGroup;
			children = (
			);
			path = Model;
			sourceTree = "<group>";
		};
		62BA18F71FDAB81A00A2FFF0 = {
			isa = PBXGroup;
			children = (
				62BA19021FDAB81A00A2FFF0 /* Uber */,
				62BA19011FDAB81A00A2FFF0 /* Products */,
				B860E01C21FB4953478484AD /* Pods */,
				3F0F70A3AEC9ECEC5AC70FE0 /* Frameworks */,
			);
			sourceTree = "<group>";
		};
		62BA19011FDAB81A00A2FFF0 /* Products */ = {
			isa = PBXGroup;
			children = (
				62BA19001FDAB81A00A2FFF0 /* Uber.app */,
			);
			name = Products;
			sourceTree = "<group>";
		};
		62BA19021FDAB81A00A2FFF0 /* Uber */ = {
			isa = PBXGroup;
			children = (
				62BA19031FDAB81A00A2FFF0 /* AppDelegate.swift */,
				624FB3F81FE1451C00DA1CE1 /* Model */,
				624FB3F71FE1450A00DA1CE1 /* ViewController */,
				62BA19071FDAB81A00A2FFF0 /* Main.storyboard */,
				62BA190A1FDAB81A00A2FFF0 /* Assets.xcassets */,
				62BA190C1FDAB81A00A2FFF0 /* LaunchScreen.storyboard */,
				62BA190F1FDAB81A00A2FFF0 /* Info.plist */,
				623B9C271FDE9DFC00450C9B /* GoogleService-Info.plist */,
			);
			path = Uber;
			sourceTree = "<group>";
		};
		B860E01C21FB4953478484AD /* Pods */ = {
			isa = PBXGroup;
			children = (
				14148FE2ABC32240094E0BF1 /* Pods-Uber.debug.xcconfig */,
				1CDD0784A0D8D95B5D0D4340 /* Pods-Uber.release.xcconfig */,
			);
			name = Pods;
			sourceTree = "<group>";
		};
/* End PBXGroup section */

/* Begin PBXNativeTarget section */
		62BA18FF1FDAB81A00A2FFF0 /* Uber */ = {
			isa = PBXNativeTarget;
			buildConfigurationList = 62BA19121FDAB81A00A2FFF0 /* Build configuration list for PBXNativeTarget "Uber" */;
			buildPhases = (
				D436763C61E4AD2109B78DD1 /* [CP] Check Pods Manifest.lock */,
				62BA18FC1FDAB81A00A2FFF0 /* Sources */,
				62BA18FD1FDAB81A00A2FFF0 /* Frameworks */,
				62BA18FE1FDAB81A00A2FFF0 /* Resources */,
				04721BA29EB3C4E520B43AAE /* [CP] Embed Pods Frameworks */,
				E8A658F9696AEC1F6FF482AB /* [CP] Copy Pods Resources */,
			);
			buildRules = (
			);
			dependencies = (
			);
			name = Uber;
			productName = Uber;
			productReference = 62BA19001FDAB81A00A2FFF0 /* Uber.app */;
			productType = "com.apple.product-type.application";
		};
/* End PBXNativeTarget section */

/* Begin PBXProject section */
		62BA18F81FDAB81A00A2FFF0 /* Project object */ = {
			isa = PBXProject;
			attributes = {
				LastSwiftUpdateCheck = 0910;
				LastUpgradeCheck = 0910;
				ORGANIZATIONNAME = "Rodrigo Abreu";
				TargetAttributes = {
					62BA18FF1FDAB81A00A2FFF0 = {
						CreatedOnToolsVersion = 9.1;
						ProvisioningStyle = Automatic;
					};
				};
			};
			buildConfigurationList = 62BA18FB1FDAB81A00A2FFF0 /* Build configuration list for PBXProject "Uber" */;
			compatibilityVersion = "Xcode 8.0";
			developmentRegion = en;
			hasScannedForEncodings = 0;
			knownRegions = (
				en,
				Base,
			);
			mainGroup = 62BA18F71FDAB81A00A2FFF0;
			productRefGroup = 62BA19011FDAB81A00A2FFF0 /* Products */;
			projectDirPath = "";
			projectRoot = "";
			targets = (
				62BA18FF1FDAB81A00A2FFF0 /* Uber */,
			);
		};
/* End PBXProject section */

/* Begin PBXResourcesBuildPhase section */
		62BA18FE1FDAB81A00A2FFF0 /* Resources */ = {
			isa = PBXResourcesBuildPhase;
			buildActionMask = 2147483647;
			files = (
				62BA190E1FDAB81A00A2FFF0 /* LaunchScreen.storyboard in Resources */,
				62BA190B1FDAB81A00A2FFF0 /* Assets.xcassets in Resources */,
				62BA19091FDAB81A00A2FFF0 /* Main.storyboard in Resources */,
				623B9C281FDE9DFC00450C9B /* GoogleService-Info.plist in Resources */,
			);
			runOnlyForDeploymentPostprocessing = 0;
		};
/* End PBXResourcesBuildPhase section */

/* Begin PBXShellScriptBuildPhase section */
		04721BA29EB3C4E520B43AAE /* [CP] Embed Pods Frameworks */ = {
			isa = PBXShellScriptBuildPhase;
			buildActionMask = 2147483647;
			files = (
			);
			inputPaths = (
				"${SRCROOT}/Pods/Target Support Files/Pods-Uber/Pods-Uber-frameworks.sh",
				"${BUILT_PRODUCTS_DIR}/GTMSessionFetcher/GTMSessionFetcher.framework",
				"${BUILT_PRODUCTS_DIR}/GoogleToolboxForMac/GoogleToolboxForMac.framework",
				"${BUILT_PRODUCTS_DIR}/leveldb-library/leveldb.framework",
				"${BUILT_PRODUCTS_DIR}/nanopb/nanopb.framework",
			);
			name = "[CP] Embed Pods Frameworks";
			outputPaths = (
				"${TARGET_BUILD_DIR}/${FRAMEWORKS_FOLDER_PATH}/GTMSessionFetcher.framework",
				"${TARGET_BUILD_DIR}/${FRAMEWORKS_FOLDER_PATH}/GoogleToolboxForMac.framework",
				"${TARGET_BUILD_DIR}/${FRAMEWORKS_FOLDER_PATH}/leveldb.framework",
				"${TARGET_BUILD_DIR}/${FRAMEWORKS_FOLDER_PATH}/nanopb.framework",
			);
			runOnlyForDeploymentPostprocessing = 0;
			shellPath = /bin/sh;
			shellScript = "\"${SRCROOT}/Pods/Target Support Files/Pods-Uber/Pods-Uber-frameworks.sh\"\n";
			showEnvVarsInLog = 0;
		};
		D436763C61E4AD2109B78DD1 /* [CP] Check Pods Manifest.lock */ = {
			isa = PBXShellScriptBuildPhase;
			buildActionMask = 2147483647;
			files = (
			);
			inputPaths = (
				"${PODS_PODFILE_DIR_PATH}/Podfile.lock",
				"${PODS_ROOT}/Manifest.lock",
			);
			name = "[CP] Check Pods Manifest.lock";
			outputPaths = (
				"$(DERIVED_FILE_DIR)/Pods-Uber-checkManifestLockResult.txt",
			);
			runOnlyForDeploymentPostprocessing = 0;
			shellPath = /bin/sh;
			shellScript = "diff \"${PODS_PODFILE_DIR_PATH}/Podfile.lock\" \"${PODS_ROOT}/Manifest.lock\" > /dev/null\nif [ $? != 0 ] ; then\n    # print error to STDERR\n    echo \"error: The sandbox is not in sync with the Podfile.lock. Run 'pod install' or update your CocoaPods installation.\" >&2\n    exit 1\nfi\n# This output is used by Xcode 'outputs' to avoid re-running this script phase.\necho \"SUCCESS\" > \"${SCRIPT_OUTPUT_FILE_0}\"\n";
			showEnvVarsInLog = 0;
		};
		E8A658F9696AEC1F6FF482AB /* [CP] Copy Pods Resources */ = {
			isa = PBXShellScriptBuildPhase;
			buildActionMask = 2147483647;
			files = (
			);
			inputPaths = (
			);
			name = "[CP] Copy Pods Resources";
			outputPaths = (
			);
			runOnlyForDeploymentPostprocessing = 0;
			shellPath = /bin/sh;
			shellScript = "\"${SRCROOT}/Pods/Target Support Files/Pods-Uber/Pods-Uber-resources.sh\"\n";
			showEnvVarsInLog = 0;
		};
/* End PBXShellScriptBuildPhase section */

/* Begin PBXSourcesBuildPhase section */
		62BA18FC1FDAB81A00A2FFF0 /* Sources */ = {
			isa = PBXSourcesBuildPhase;
			buildActionMask = 2147483647;
			files = (
				62BA19061FDAB81A00A2FFF0 /* ViewController.swift in Sources */,
				62BA19041FDAB81A00A2FFF0 /* AppDelegate.swift in Sources */,
				624FB3FA1FE145B300DA1CE1 /* EntrarViewController.swift in Sources */,
				624FB3FC1FE145C600DA1CE1 /* CadastroViewController.swift in Sources */,
			);
			runOnlyForDeploymentPostprocessing = 0;
		};
/* End PBXSourcesBuildPhase section */

/* Begin PBXVariantGroup section */
		62BA19071FDAB81A00A2FFF0 /* Main.storyboard */ = {
			isa = PBXVariantGroup;
			children = (
				62BA19081FDAB81A00A2FFF0 /* Base */,
			);
			name = Main.storyboard;
			sourceTree = "<group>";
		};
		62BA190C1FDAB81A00A2FFF0 /* LaunchScreen.storyboard */ = {
			isa = PBXVariantGroup;
			children = (
				62BA190D1FDAB81A00A2FFF0 /* Base */,
			);
			name = LaunchScreen.storyboard;
			sourceTree = "<group>";
		};
/* End PBXVariantGroup section */

/* Begin XCBuildConfiguration section */
		62BA19101FDAB81A00A2FFF0 /* Debug */ = {
			isa = XCBuildConfiguration;
			buildSettings = {
				ALWAYS_SEARCH_USER_PATHS = NO;
				CLANG_ANALYZER_NONNULL = YES;
				CLANG_ANALYZER_NUMBER_OBJECT_CONVERSION = YES_AGGRESSIVE;
				CLANG_CXX_LANGUAGE_STANDARD = "gnu++14";
				CLANG_CXX_LIBRARY = "libc++";
				CLANG_ENABLE_MODULES = YES;
				CLANG_ENABLE_OBJC_ARC = YES;
				CLANG_WARN_BLOCK_CAPTURE_AUTORELEASING = YES;
				CLANG_WARN_BOOL_CONVERSION = YES;
				CLANG_WARN_COMMA = YES;
				CLANG_WARN_CONSTANT_CONVERSION = YES;
				CLANG_WARN_DIRECT_OBJC_ISA_USAGE = YES_ERROR;
				CLANG_WARN_DOCUMENTATION_COMMENTS = YES;
				CLANG_WARN_EMPTY_BODY = YES;
				CLANG_WARN_ENUM_CONVERSION = YES;
				CLANG_WARN_INFINITE_RECURSION = YES;
				CLANG_WARN_INT_CONVERSION = YES;
				CLANG_WARN_NON_LITERAL_NULL_CONVERSION = YES;
				CLANG_WARN_OBJC_LITERAL_CONVERSION = YES;
				CLANG_WARN_OBJC_ROOT_CLASS = YES_ERROR;
				CLANG_WARN_RANGE_LOOP_ANALYSIS = YES;
				CLANG_WARN_STRICT_PROTOTYPES = YES;
				CLANG_WARN_SUSPICIOUS_MOVE = YES;
				CLANG_WARN_UNGUARDED_AVAILABILITY = YES_AGGRESSIVE;
				CLANG_WARN_UNREACHABLE_CODE = YES;
				CLANG_WARN__DUPLICATE_METHOD_MATCH = YES;
				CODE_SIGN_IDENTITY = "iPhone Developer";
				COPY_PHASE_STRIP = NO;
				DEBUG_INFORMATION_FORMAT = dwarf;
				ENABLE_STRICT_OBJC_MSGSEND = YES;
				ENABLE_TESTABILITY = YES;
				GCC_C_LANGUAGE_STANDARD = gnu11;
				GCC_DYNAMIC_NO_PIC = NO;
				GCC_NO_COMMON_BLOCKS = YES;
				GCC_OPTIMIZATION_LEVEL = 0;
				GCC_PREPROCESSOR_DEFINITIONS = (
					"DEBUG=1",
					"$(inherited)",
				);
				GCC_WARN_64_TO_32_BIT_CONVERSION = YES;
				GCC_WARN_ABOUT_RETURN_TYPE = YES_ERROR;
				GCC_WARN_UNDECLARED_SELECTOR = YES;
				GCC_WARN_UNINITIALIZED_AUTOS = YES_AGGRESSIVE;
				GCC_WARN_UNUSED_FUNCTION = YES;
				GCC_WARN_UNUSED_VARIABLE = YES;
				IPHONEOS_DEPLOYMENT_TARGET = 11.1;
				MTL_ENABLE_DEBUG_INFO = YES;
				ONLY_ACTIVE_ARCH = YES;
				SDKROOT = iphoneos;
				SWIFT_ACTIVE_COMPILATION_CONDITIONS = DEBUG;
				SWIFT_OPTIMIZATION_LEVEL = "-Onone";
			};
			name = Debug;
		};
		62BA19111FDAB81A00A2FFF0 /* Release */ = {
			isa = XCBuildConfiguration;
			buildSettings = {
				ALWAYS_SEARCH_USER_PATHS = NO;
				CLANG_ANALYZER_NONNULL = YES;
				CLANG_ANALYZER_NUMBER_OBJECT_CONVERSION = YES_AGGRESSIVE;
				CLANG_CXX_LANGUAGE_STANDARD = "gnu++14";
				CLANG_CXX_LIBRARY = "libc++";
				CLANG_ENABLE_MODULES = YES;
				CLANG_ENABLE_OBJC_ARC = YES;
				CLANG_WARN_BLOCK_CAPTURE_AUTORELEASING = YES;
				CLANG_WARN_BOOL_CONVERSION = YES;
				CLANG_WARN_COMMA = YES;
				CLANG_WARN_CONSTANT_CONVERSION = YES;
				CLANG_WARN_DIRECT_OBJC_ISA_USAGE = YES_ERROR;
				CLANG_WARN_DOCUMENTATION_COMMENTS = YES;
				CLANG_WARN_EMPTY_BODY = YES;
				CLANG_WARN_ENUM_CONVERSION = YES;
				CLANG_WARN_INFINITE_RECURSION = YES;
				CLANG_WARN_INT_CONVERSION = YES;
				CLANG_WARN_NON_LITERAL_NULL_CONVERSION = YES;
				CLANG_WARN_OBJC_LITERAL_CONVERSION = YES;
				CLANG_WARN_OBJC_ROOT_CLASS = YES_ERROR;
				CLANG_WARN_RANGE_LOOP_ANALYSIS = YES;
				CLANG_WARN_STRICT_PROTOTYPES = YES;
				CLANG_WARN_SUSPICIOUS_MOVE = YES;
				CLANG_WARN_UNGUARDED_AVAILABILITY = YES_AGGRESSIVE;
				CLANG_WARN_UNREACHABLE_CODE = YES;
				CLANG_WARN__DUPLICATE_METHOD_MATCH = YES;
				CODE_SIGN_IDENTITY = "iPhone Developer";
				COPY_PHASE_STRIP = NO;
				DEBUG_INFORMATION_FORMAT = "dwarf-with-dsym";
				ENABLE_NS_ASSERTIONS = NO;
				ENABLE_STRICT_OBJC_MSGSEND = YES;
				GCC_C_LANGUAGE_STANDARD = gnu11;
				GCC_NO_COMMON_BLOCKS = YES;
				GCC_WARN_64_TO_32_BIT_CONVERSION = YES;
				GCC_WARN_ABOUT_RETURN_TYPE = YES_ERROR;
				GCC_WARN_UNDECLARED_SELECTOR = YES;
				GCC_WARN_UNINITIALIZED_AUTOS = YES_AGGRESSIVE;
				GCC_WARN_UNUSED_FUNCTION = YES;
				GCC_WARN_UNUSED_VARIABLE = YES;
				IPHONEOS_DEPLOYMENT_TARGET = 11.1;
				MTL_ENABLE_DEBUG_INFO = NO;
				SDKROOT = iphoneos;
				SWIFT_OPTIMIZATION_LEVEL = "-Owholemodule";
				VALIDATE_PRODUCT = YES;
			};
			name = Release;
		};
		62BA19131FDAB81A00A2FFF0 /* Debug */ = {
			isa = XCBuildConfiguration;
			baseConfigurationReference = 14148FE2ABC32240094E0BF1 /* Pods-Uber.debug.xcconfig */;
			buildSettings = {
				ASSETCATALOG_COMPILER_APPICON_NAME = AppIcon;
				CODE_SIGN_STYLE = Automatic;
				DEVELOPMENT_TEAM = 37J9BA46N5;
				INFOPLIST_FILE = Uber/Info.plist;
				LD_RUNPATH_SEARCH_PATHS = "$(inherited) @executable_path/Frameworks";
				PRODUCT_BUNDLE_IDENTIFIER = "br.net.tleste.Uber-110484";
				PRODUCT_NAME = "$(TARGET_NAME)";
				SWIFT_VERSION = 4.0;
				TARGETED_DEVICE_FAMILY = "1,2";
			};
			name = Debug;
		};
		62BA19141FDAB81A00A2FFF0 /* Release */ = {
			isa = XCBuildConfiguration;
			baseConfigurationReference = 1CDD0784A0D8D95B5D0D4340 /* Pods-Uber.release.xcconfig */;
			buildSettings = {
				ASSETCATALOG_COMPILER_APPICON_NAME = AppIcon;
				CODE_SIGN_STYLE = Automatic;
				DEVELOPMENT_TEAM = 37J9BA46N5;
				INFOPLIST_FILE = Uber/Info.plist;
				LD_RUNPATH_SEARCH_PATHS = "$(inherited) @executable_path/Frameworks";
				PRODUCT_BUNDLE_IDENTIFIER = "br.net.tleste.Uber-110484";
				PRODUCT_NAME = "$(TARGET_NAME)";
				SWIFT_VERSION = 4.0;
				TARGETED_DEVICE_FAMILY = "1,2";
			};
			name = Release;
		};
/* End XCBuildConfiguration section */

/* Begin XCConfigurationList section */
		62BA18FB1FDAB81A00A2FFF0 /* Build configuration list for PBXProject "Uber" */ = {
			isa = XCConfigurationList;
			buildConfigurations = (
				62BA19101FDAB81A00A2FFF0 /* Debug */,
				62BA19111FDAB81A00A2FFF0 /* Release */,
			);
			defaultConfigurationIsVisible = 0;
			defaultConfigurationName = Release;
		};
		62BA19121FDAB81A00A2FFF0 /* Build configuration list for PBXNativeTarget "Uber" */ = {
			isa = XCConfigurationList;
			buildConfigurations = (
				62BA19131FDAB81A00A2FFF0 /* Debug */,
				62BA19141FDAB81A00A2FFF0 /* Release */,
			);
			defaultConfigurationIsVisible = 0;
			defaultConfigurationName = Release;
		};
/* End XCConfigurationList section */
	};
	rootObject = 62BA18F81FDAB81A00A2FFF0 /* Project object */;
}
